{
  "name": "hardhat-project",
  "lockfileVersion": 2,
  "requires": true,
  "packages": {
    "": {
      "name": "hardhat-project",
      "dependencies": {
        "@openzeppelin/contracts": "^4.8.0",
        "evm-gateway-contract": "^1.0.3"
      }
    },
    "node_modules/@openzeppelin/contracts": {
      "version": "4.8.0",
      "resolved": "https://registry.npmjs.org/@openzeppelin/contracts/-/contracts-4.8.0.tgz",
      "integrity": "sha512-AGuwhRRL+NaKx73WKRNzeCxOCOCxpaqF+kp8TJ89QzAipSwZy/NoflkWaL9bywXFRhIzXt8j38sfF7KBKCPWLw=="
    },
    "node_modules/@openzeppelin/contracts-upgradeable": {
      "version": "4.8.0",
      "resolved": "https://registry.npmjs.org/@openzeppelin/contracts-upgradeable/-/contracts-upgradeable-4.8.0.tgz",
      "integrity": "sha512-5GeFgqMiDlqGT8EdORadp1ntGF0qzWZLmEY7Wbp/yVhN7/B3NNzCxujuI77ktlyG81N3CUZP8cZe3ZAQ/cW10w=="
    },
    "node_modules/evm-gateway-contract": {
      "version": "1.0.3",
      "resolved": "https://registry.npmjs.org/evm-gateway-contract/-/evm-gateway-contract-1.0.3.tgz",
      "integrity": "sha512-pKwwlb5/nAmaFUyNuGpxtRvOfqY/NQGuD8E6wvo0SKWGRiDFHofxevAWlwVEJv+7ilrrX6OpsEZ7LoE/xtN2nQ==",
      "dependencies": {
        "@openzeppelin/contracts": "^4.4.1",
        "@openzeppelin/contracts-upgradeable": "^4.7.3",
        "evm-gateway-contract": "1.0.1"
      }
    },
    "node_modules/evm-gateway-contract/node_modules/evm-gateway-contract": {
      "version": "1.0.1",
      "resolved": "https://registry.npmjs.org/evm-gateway-contract/-/evm-gateway-contract-1.0.1.tgz",
      "integrity": "sha512-VV5xdRr6NZ6jGE5N8fFxtL6n7RfEawqyb5QHSjZFJjyKPStvaqpHJU/b80uqoyYxfu6kUgJLN+ZaBCU1rFhGAg==",
      "dependencies": {
        "@openzeppelin/contracts": "^4.4.1",
        "@openzeppelin/contracts-upgradeable": "^4.7.3"
      }
    }
  },
  "dependencies": {
    "@openzeppelin/contracts": {
      "version": "4.8.0",
      "resolved": "https://registry.npmjs.org/@openzeppelin/contracts/-/contracts-4.8.0.tgz",
      "integrity": "sha512-AGuwhRRL+NaKx73WKRNzeCxOCOCxpaqF+kp8TJ89QzAipSwZy/NoflkWaL9bywXFRhIzXt8j38sfF7KBKCPWLw=="
    },
    "@openzeppelin/contracts-upgradeable": {
      "version": "4.8.0",
      "resolved": "https://registry.npmjs.org/@openzeppelin/contracts-upgradeable/-/contracts-upgradeable-4.8.0.tgz",
      "integrity": "sha512-5GeFgqMiDlqGT8EdORadp1ntGF0qzWZLmEY7Wbp/yVhN7/B3NNzCxujuI77ktlyG81N3CUZP8cZe3ZAQ/cW10w=="
    },
    "evm-gateway-contract": {
      "version": "1.0.3",
      "resolved": "https://registry.npmjs.org/evm-gateway-contract/-/evm-gateway-contract-1.0.3.tgz",
      "integrity": "sha512-pKwwlb5/nAmaFUyNuGpxtRvOfqY/NQGuD8E6wvo0SKWGRiDFHofxevAWlwVEJv+7ilrrX6OpsEZ7LoE/xtN2nQ==",
      "requires": {
        "@openzeppelin/contracts": "^4.4.1",
        "@openzeppelin/contracts-upgradeable": "^4.7.3",
        "evm-gateway-contract": "1.0.1"
      },
      "dependencies": {
        "evm-gateway-contract": {
          "version": "1.0.1",
          "resolved": "https://registry.npmjs.org/evm-gateway-contract/-/evm-gateway-contract-1.0.1.tgz",
          "integrity": "sha512-VV5xdRr6NZ6jGE5N8fFxtL6n7RfEawqyb5QHSjZFJjyKPStvaqpHJU/b80uqoyYxfu6kUgJLN+ZaBCU1rFhGAg==",
          "requires": {
            "@openzeppelin/contracts": "^4.4.1",
            "@openzeppelin/contracts-upgradeable": "^4.7.3"
          }
        }
      }
    }
  }
}
