# @generated by Move, please check-in and do not edit manually.

[move]
version = 3
manifest_digest = "CAECC8C4F34B530BFD66048E586866B7F3C4AC663D8B545DCD7DACC2D76EC1FF"
deps_digest = "060AD7E57DFB13104F21BE5F5C3759D03F0553FC3229247D9A7A6B45F50D03A3"

dependencies = [
  { id = "Sui", name = "Sui" },
  { id = "gateway", name = "gateway" },
  { id = "router_protocol", name = "router_protocol" },
]

[[move.package]]
id = "MoveStdlib"
source = { git = "https://github.com/MystenLabs/sui.git", rev = "framework/testnet", subdir = "crates/sui-framework/packages/move-stdlib" }

[[move.package]]
id = "Sui"
source = { git = "https://github.com/MystenLabs/sui.git", rev = "framework/testnet", subdir = "crates/sui-framework/packages/sui-framework" }

dependencies = [
  { id = "MoveStdlib", name = "MoveStdlib" },
]

[[move.package]]
id = "gateway"
source = { git = "https://github.com/router-protocol/router-gateway-contracts.git", rev = "feat/sui", subdir = "sui/contracts/gateway" }

dependencies = [
  { id = "Sui", name = "Sui" },
  { id = "route_token", name = "route_token" },
  { id = "router_protocol", name = "router_protocol" },
]

[[move.package]]
id = "route_token"
source = { git = "https://github.com/router-protocol/router-gateway-contracts.git", rev = "feat/sui", subdir = "sui/contracts/route_token" }

dependencies = [
  { id = "Sui", name = "Sui" },
]

[[move.package]]
id = "router_protocol"
source = { git = "https://github.com/router-protocol/router-gateway-contracts.git", rev = "feat/sui", subdir = "sui/contracts/router-protocol" }

dependencies = [
  { id = "Sui", name = "Sui" },
]

[move.toolchain-version]
compiler-version = "1.35.1"
edition = "2024.beta"
flavor = "sui"
